// !$*UTF8*$!
{
	archiveVersion = 1;
	classes = {
	};
	objectVersion = 60;
	objects = {

/* Begin PBXBuildFile section */
		2FAD9763203C412B000D30F8 /* config.xml in Resources */ = {isa = PBXBuildFile; fileRef = 2FAD9762203C412B000D30F8 /* config.xml */; };
		49101EB24E02A477009AC9CD /* Foundation.framework in Frameworks */ = {isa = PBXBuildFile; fileRef = 4B4BA85FB5B045BEC7F16F41 /* Foundation.framework */; };
		4D22ABE92AF431CB00220026 /* CapApp-SPM in Frameworks */ = {isa = PBXBuildFile; productRef = 4D22ABE82AF431CB00220026 /* CapApp-SPM */; };
		50379B232058CBB4000EE86E /* capacitor.config.json in Resources */ = {isa = PBXBuildFile; fileRef = 50379B222058CBB4000EE86E /* capacitor.config.json */; };
		504EC3081FED79650016851F /* AppDelegate.swift in Sources */ = {isa = PBXBuildFile; fileRef = 504EC3071FED79650016851F /* AppDelegate.swift */; };
		504EC30D1FED79650016851F /* Main.storyboard in Resources */ = {isa = PBXBuildFile; fileRef = 504EC30B1FED79650016851F /* Main.storyboard */; };
		504EC30F1FED79650016851F /* Assets.xcassets in Resources */ = {isa = PBXBuildFile; fileRef = 504EC30E1FED79650016851F /* Assets.xcassets */; };
		504EC3121FED79650016851F /* LaunchScreen.storyboard in Resources */ = {isa = PBXBuildFile; fileRef = 504EC3101FED79650016851F /* LaunchScreen.storyboard */; };
		50B271D11FEDC1A000F3C39B /* public in Resources */ = {isa = PBXBuildFile; fileRef = 50B271D01FEDC1A000F3C39B /* public */; };
		A9E81CD1D8ECE82241E43EE5 /* MyWidgetPlugin.swift in Sources */ = {isa = PBXBuildFile; fileRef = 3E2734994B8A47CE1EFC3368 /* MyWidgetPlugin.swift */; };
		C1CA290534A7DB3E036A4740 /* WidgetHubWidget.swift in Sources */ = {isa = PBXBuildFile; fileRef = 142D5293E1F642AA6038103B /* WidgetHubWidget.swift */; };
		EA31B5C2CA8580441BF1FFBB /* MyWidgetPlugin.m in Sources */ = {isa = PBXBuildFile; fileRef = 5638EDED89E0BD4DC9268134 /* MyWidgetPlugin.m */; };
		EE8592CCFCB5833B046A7490 /* WidgetHubWidget.appex in Embed App Extensions */ = {isa = PBXBuildFile; fileRef = DF915B9E2C683CB35B6B91D6 /* WidgetHubWidget.appex */; };
/* End PBXBuildFile section */

/* Begin PBXContainerItemProxy section */
		89DFF2CE37D5892E147567BB /* PBXContainerItemProxy */ = {
			isa = PBXContainerItemProxy;
			containerPortal = 504EC2FC1FED79650016851F /* Project object */;
			proxyType = 1;
			remoteGlobalIDString = C3B6E2A82801B99087BE5FC1;
			remoteInfo = WidgetHubWidget;
		};
/* End PBXContainerItemProxy section */

/* Begin PBXCopyFilesBuildPhase section */
		ACF60B1FDF35B2E90FF32975 /* Embed App Extensions */ = {
			isa = PBXCopyFilesBuildPhase;
			buildActionMask = 2147483647;
			dstPath = "";
			dstSubfolderSpec = 13;
			files = (
				EE8592CCFCB5833B046A7490 /* WidgetHubWidget.appex in Embed App Extensions */,
			);
			name = "Embed App Extensions";
			runOnlyForDeploymentPostprocessing = 0;
		};
/* End PBXCopyFilesBuildPhase section */

/* Begin PBXFileReference section */
		02912513050E3861B604238C /* Info.plist */ = {isa = PBXFileReference; includeInIndex = 1; lastKnownFileType = text.plist.xml; name = Info.plist; path = WidgetHubWidget/Info.plist; sourceTree = "<group>"; };
		0DFC739EC2C01CEBC16F6C4A /* WidgetHubWidget.swift */ = {isa = PBXFileReference; includeInIndex = 1; lastKnownFileType = sourcecode.swift; name = WidgetHubWidget.swift; path = WidgetHubWidget/WidgetHubWidget.swift; sourceTree = "<group>"; };
		123F044C7AC15D35DC771B82 /* Info.plist */ = {isa = PBXFileReference; includeInIndex = 1; lastKnownFileType = text.plist.xml; name = Info.plist; path = WidgetHubWidget/Info.plist; sourceTree = "<group>"; };
		142D5293E1F642AA6038103B /* WidgetHubWidget.swift */ = {isa = PBXFileReference; includeInIndex = 1; lastKnownFileType = sourcecode.swift; name = WidgetHubWidget.swift; path = WidgetHubWidget/WidgetHubWidget.swift; sourceTree = "<group>"; };
		15ADEC8DD6AD90727EDDA3E5 /* WidgetHubWidget.swift */ = {isa = PBXFileReference; includeInIndex = 1; lastKnownFileType = sourcecode.swift; name = WidgetHubWidget.swift; path = WidgetHubWidget/WidgetHubWidget.swift; sourceTree = "<group>"; };
		171AE307E130C56DA0C5EA41 /* Info.plist */ = {isa = PBXFileReference; includeInIndex = 1; lastKnownFileType = text.plist.xml; name = Info.plist; path = WidgetHubWidget/Info.plist; sourceTree = "<group>"; };
		1A4C1680CEC06F5B1D1D2483 /* WidgetHubWidget.swift */ = {isa = PBXFileReference; includeInIndex = 1; lastKnownFileType = sourcecode.swift; name = WidgetHubWidget.swift; path = WidgetHubWidget/WidgetHubWidget.swift; sourceTree = "<group>"; };
		201A54C62A65D501A68C79B9 /* WidgetHubWidget.swift */ = {isa = PBXFileReference; includeInIndex = 1; lastKnownFileType = sourcecode.swift; name = WidgetHubWidget.swift; path = WidgetHubWidget/WidgetHubWidget.swift; sourceTree = "<group>"; };
		2FAD9762203C412B000D30F8 /* config.xml */ = {isa = PBXFileReference; lastKnownFileType = text.xml; path = config.xml; sourceTree = "<group>"; };
		3E2734994B8A47CE1EFC3368 /* MyWidgetPlugin.swift */ = {isa = PBXFileReference; includeInIndex = 1; lastKnownFileType = sourcecode.swift; path = MyWidgetPlugin.swift; sourceTree = "<group>"; };
		45237BC3F9B721C7FFE6AA16 /* Info.plist */ = {isa = PBXFileReference; includeInIndex = 1; lastKnownFileType = text.plist.xml; name = Info.plist; path = WidgetHubWidget/Info.plist; sourceTree = "<group>"; };
		4B4BA85FB5B045BEC7F16F41 /* Foundation.framework */ = {isa = PBXFileReference; lastKnownFileType = wrapper.framework; name = Foundation.framework; path = Platforms/iPhoneOS.platform/Developer/SDKs/iPhoneOS18.0.sdk/System/Library/Frameworks/Foundation.framework; sourceTree = DEVELOPER_DIR; };
		4CFC23F13EE513AF32C707BB /* WidgetHubWidget.swift */ = {isa = PBXFileReference; includeInIndex = 1; lastKnownFileType = sourcecode.swift; name = WidgetHubWidget.swift; path = WidgetHubWidget/WidgetHubWidget.swift; sourceTree = "<group>"; };
		4E2EDB3696ECF6445DE9DDA9 /* Info.plist */ = {isa = PBXFileReference; includeInIndex = 1; lastKnownFileType = text.plist.xml; name = Info.plist; path = WidgetHubWidget/Info.plist; sourceTree = "<group>"; };
		50379B222058CBB4000EE86E /* capacitor.config.json */ = {isa = PBXFileReference; fileEncoding = 4; lastKnownFileType = text.json; path = capacitor.config.json; sourceTree = "<group>"; };
		504EC3041FED79650016851F /* App.app */ = {isa = PBXFileReference; explicitFileType = wrapper.application; includeInIndex = 0; path = App.app; sourceTree = BUILT_PRODUCTS_DIR; };
		504EC3071FED79650016851F /* AppDelegate.swift */ = {isa = PBXFileReference; lastKnownFileType = sourcecode.swift; path = AppDelegate.swift; sourceTree = "<group>"; };
		504EC30C1FED79650016851F /* Base */ = {isa = PBXFileReference; lastKnownFileType = file.storyboard; name = Base; path = Base.lproj/Main.storyboard; sourceTree = "<group>"; };
		504EC30E1FED79650016851F /* Assets.xcassets */ = {isa = PBXFileReference; lastKnownFileType = folder.assetcatalog; path = Assets.xcassets; sourceTree = "<group>"; };
		504EC3111FED79650016851F /* Base */ = {isa = PBXFileReference; lastKnownFileType = file.storyboard; name = Base; path = Base.lproj/LaunchScreen.storyboard; sourceTree = "<group>"; };
		504EC3131FED79650016851F /* Info.plist */ = {isa = PBXFileReference; lastKnownFileType = text.plist.xml; path = Info.plist; sourceTree = "<group>"; };
		50B271D01FEDC1A000F3C39B /* public */ = {isa = PBXFileReference; lastKnownFileType = folder; path = public; sourceTree = "<group>"; };
		5638EDED89E0BD4DC9268134 /* MyWidgetPlugin.m */ = {isa = PBXFileReference; includeInIndex = 1; lastKnownFileType = sourcecode.c.objc; path = MyWidgetPlugin.m; sourceTree = "<group>"; };
		639E1A091A62E8D3DF6A6707 /* Info.plist */ = {isa = PBXFileReference; includeInIndex = 1; lastKnownFileType = text.plist.xml; name = Info.plist; path = WidgetHubWidget/Info.plist; sourceTree = "<group>"; };
		6E5D49D6C283DB66D85919D4 /* Info.plist */ = {isa = PBXFileReference; includeInIndex = 1; lastKnownFileType = text.plist.xml; name = Info.plist; path = WidgetHubWidget/Info.plist; sourceTree = "<group>"; };
		6F8703C5AEB0DE08F49497E5 /* WidgetHubWidget.swift */ = {isa = PBXFileReference; includeInIndex = 1; lastKnownFileType = sourcecode.swift; name = WidgetHubWidget.swift; path = WidgetHubWidget/WidgetHubWidget.swift; sourceTree = "<group>"; };
		79C24A65605D1A7FF2484FA9 /* WidgetHubWidget.swift */ = {isa = PBXFileReference; includeInIndex = 1; lastKnownFileType = sourcecode.swift; name = WidgetHubWidget.swift; path = WidgetHubWidget/WidgetHubWidget.swift; sourceTree = "<group>"; };
		7F7498ACF01C739050FCF370 /* WidgetHubWidget.swift */ = {isa = PBXFileReference; includeInIndex = 1; lastKnownFileType = sourcecode.swift; name = WidgetHubWidget.swift; path = WidgetHubWidget/WidgetHubWidget.swift; sourceTree = "<group>"; };
		81DC1CCD99A57188962876F6 /* Info.plist */ = {isa = PBXFileReference; includeInIndex = 1; lastKnownFileType = text.plist.xml; name = Info.plist; path = WidgetHubWidget/Info.plist; sourceTree = "<group>"; };
		8287B4B3D220B2194B40A7FE /* Info.plist */ = {isa = PBXFileReference; includeInIndex = 1; lastKnownFileType = text.plist.xml; name = Info.plist; path = WidgetHubWidget/Info.plist; sourceTree = "<group>"; };
		94FA2334AB4F92126A0941D1 /* Info.plist */ = {isa = PBXFileReference; includeInIndex = 1; lastKnownFileType = text.plist.xml; name = Info.plist; path = WidgetHubWidget/Info.plist; sourceTree = "<group>"; };
		958DCC722DB07C7200EA8C5F /* debug.xcconfig */ = {isa = PBXFileReference; lastKnownFileType = text.xcconfig; name = debug.xcconfig; path = ../debug.xcconfig; sourceTree = SOURCE_ROOT; };
		976D373C49B7BEDC0609C632 /* Info.plist */ = {isa = PBXFileReference; includeInIndex = 1; lastKnownFileType = text.plist.xml; name = Info.plist; path = WidgetHubWidget/Info.plist; sourceTree = "<group>"; };
		9D7D522EE90EBA845AF285AC /* Info.plist */ = {isa = PBXFileReference; includeInIndex = 1; lastKnownFileType = text.plist.xml; name = Info.plist; path = WidgetHubWidget/Info.plist; sourceTree = "<group>"; };
		A1F9D9668BDC64BDA99F13AE /* WidgetHubWidget.swift */ = {isa = PBXFileReference; includeInIndex = 1; lastKnownFileType = sourcecode.swift; name = WidgetHubWidget.swift; path = WidgetHubWidget/WidgetHubWidget.swift; sourceTree = "<group>"; };
		A34A86BAB20D13C1475185B8 /* Info.plist */ = {isa = PBXFileReference; includeInIndex = 1; lastKnownFileType = text.plist.xml; name = Info.plist; path = WidgetHubWidget/Info.plist; sourceTree = "<group>"; };
		A374225A74E78D58FFB026BD /* WidgetHubWidget.swift */ = {isa = PBXFileReference; includeInIndex = 1; lastKnownFileType = sourcecode.swift; name = WidgetHubWidget.swift; path = WidgetHubWidget/WidgetHubWidget.swift; sourceTree = "<group>"; };
		A4C68EA3E518C72706CEBFD3 /* WidgetHubWidget.swift */ = {isa = PBXFileReference; includeInIndex = 1; lastKnownFileType = sourcecode.swift; name = WidgetHubWidget.swift; path = WidgetHubWidget/WidgetHubWidget.swift; sourceTree = "<group>"; };
		AFDC9041FB3D6196D87709F3 /* WidgetHubWidget.swift */ = {isa = PBXFileReference; includeInIndex = 1; lastKnownFileType = sourcecode.swift; name = WidgetHubWidget.swift; path = WidgetHubWidget/WidgetHubWidget.swift; sourceTree = "<group>"; };
		B5B03D56C51E30C642D7FD23 /* WidgetHubWidget.swift */ = {isa = PBXFileReference; includeInIndex = 1; lastKnownFileType = sourcecode.swift; name = WidgetHubWidget.swift; path = WidgetHubWidget/WidgetHubWidget.swift; sourceTree = "<group>"; };
		BC7AB911351113A4A205EFA4 /* WidgetHubWidget.swift */ = {isa = PBXFileReference; includeInIndex = 1; lastKnownFileType = sourcecode.swift; name = WidgetHubWidget.swift; path = WidgetHubWidget/WidgetHubWidget.swift; sourceTree = "<group>"; };
		C8D769AD0F51F62D9CD2428C /* WidgetHubWidget.swift */ = {isa = PBXFileReference; includeInIndex = 1; lastKnownFileType = sourcecode.swift; name = WidgetHubWidget.swift; path = WidgetHubWidget/WidgetHubWidget.swift; sourceTree = "<group>"; };
		DF915B9E2C683CB35B6B91D6 /* WidgetHubWidget.appex */ = {isa = PBXFileReference; explicitFileType = "wrapper.app-extension"; includeInIndex = 0; name = WidgetHubWidget.appex; path = WidgetHubWidget.appex; sourceTree = BUILT_PRODUCTS_DIR; };
		E1989F732826D40B31AE08DD /* Info.plist */ = {isa = PBXFileReference; includeInIndex = 1; lastKnownFileType = text.plist.xml; name = Info.plist; path = WidgetHubWidget/Info.plist; sourceTree = "<group>"; };
		EA4B2EBCA28E231103AE58AE /* WidgetHubWidget.swift */ = {isa = PBXFileReference; includeInIndex = 1; lastKnownFileType = sourcecode.swift; name = WidgetHubWidget.swift; path = WidgetHubWidget/WidgetHubWidget.swift; sourceTree = "<group>"; };
		EBB9C0A6EF388E6BC907DE0B /* Info.plist */ = {isa = PBXFileReference; includeInIndex = 1; lastKnownFileType = text.plist.xml; name = Info.plist; path = WidgetHubWidget/Info.plist; sourceTree = "<group>"; };
		ECA260E0FF25FA2532E8305A /* Info.plist */ = {isa = PBXFileReference; includeInIndex = 1; lastKnownFileType = text.plist.xml; name = Info.plist; path = WidgetHubWidget/Info.plist; sourceTree = "<group>"; };
		EEBDAD1A583A8F42D7C033E4 /* WidgetHubWidget.swift */ = {isa = PBXFileReference; includeInIndex = 1; lastKnownFileType = sourcecode.swift; name = WidgetHubWidget.swift; path = WidgetHubWidget/WidgetHubWidget.swift; sourceTree = "<group>"; };
		F6A170351F2992A90166E207 /* Info.plist */ = {isa = PBXFileReference; includeInIndex = 1; lastKnownFileType = text.plist.xml; name = Info.plist; path = WidgetHubWidget/Info.plist; sourceTree = "<group>"; };
		FA2B6C74D0A16D7579EF1EB1 /* Info.plist */ = {isa = PBXFileReference; includeInIndex = 1; lastKnownFileType = text.plist.xml; name = Info.plist; path = WidgetHubWidget/Info.plist; sourceTree = "<group>"; };
/* End PBXFileReference section */

/* Begin PBXFrameworksBuildPhase section */
		504EC3011FED79650016851F /* Frameworks */ = {
			isa = PBXFrameworksBuildPhase;
			buildActionMask = 2147483647;
			files = (
				4D22ABE92AF431CB00220026 /* CapApp-SPM in Frameworks */,
			);
			runOnlyForDeploymentPostprocessing = 0;
		};
		969D89EAD8C7ED4134AAAD4D /* Frameworks */ = {
			isa = PBXFrameworksBuildPhase;
			buildActionMask = 2147483647;
			files = (
				49101EB24E02A477009AC9CD /* Foundation.framework in Frameworks */,
			);
			runOnlyForDeploymentPostprocessing = 0;
		};
/* End PBXFrameworksBuildPhase section */

/* Begin PBXGroup section */
		09FC7B616E02430B7A26CE51 /* App */ = {
			isa = PBXGroup;
			children = (
				3E2734994B8A47CE1EFC3368 /* MyWidgetPlugin.swift */,
				5638EDED89E0BD4DC9268134 /* MyWidgetPlugin.m */,
			);
			name = App;
			sourceTree = "<group>";
		};
		440C4FFEF8F353DCD3D959EA /* iOS */ = {
			isa = PBXGroup;
			children = (
				4B4BA85FB5B045BEC7F16F41 /* Foundation.framework */,
			);
			name = iOS;
			sourceTree = "<group>";
		};
		504EC2FB1FED79650016851F = {
			isa = PBXGroup;
			children = (
				958DCC722DB07C7200EA8C5F /* debug.xcconfig */,
				504EC3061FED79650016851F /* App */,
				504EC3051FED79650016851F /* Products */,
				BFCC7255AB95918A2A5D1016 /* WidgetHubWidget */,
				667B13177019051CE095B2CC /* Frameworks */,
			);
			sourceTree = "<group>";
		};
		504EC3051FED79650016851F /* Products */ = {
			isa = PBXGroup;
			children = (
				504EC3041FED79650016851F /* App.app */,
				DF915B9E2C683CB35B6B91D6 /* WidgetHubWidget.appex */,
			);
			name = Products;
			sourceTree = "<group>";
		};
		504EC3061FED79650016851F /* App */ = {
			isa = PBXGroup;
			children = (
				50379B222058CBB4000EE86E /* capacitor.config.json */,
				504EC3071FED79650016851F /* AppDelegate.swift */,
				504EC30B1FED79650016851F /* Main.storyboard */,
				504EC30E1FED79650016851F /* Assets.xcassets */,
				504EC3101FED79650016851F /* LaunchScreen.storyboard */,
				504EC3131FED79650016851F /* Info.plist */,
				2FAD9762203C412B000D30F8 /* config.xml */,
				50B271D01FEDC1A000F3C39B /* public */,
				09FC7B616E02430B7A26CE51 /* App */,
			);
			path = App;
			sourceTree = "<group>";
		};
		667B13177019051CE095B2CC /* Frameworks */ = {
			isa = PBXGroup;
			children = (
				440C4FFEF8F353DCD3D959EA /* iOS */,
			);
			name = Frameworks;
			sourceTree = "<group>";
		};
		BFCC7255AB95918A2A5D1016 /* WidgetHubWidget */ = {
			isa = PBXGroup;
			children = (
				6F8703C5AEB0DE08F49497E5 /* WidgetHubWidget.swift */,
				8287B4B3D220B2194B40A7FE /* Info.plist */,
				C8D769AD0F51F62D9CD2428C /* WidgetHubWidget.swift */,
				171AE307E130C56DA0C5EA41 /* Info.plist */,
				EEBDAD1A583A8F42D7C033E4 /* WidgetHubWidget.swift */,
				A34A86BAB20D13C1475185B8 /* Info.plist */,
				79C24A65605D1A7FF2484FA9 /* WidgetHubWidget.swift */,
				9D7D522EE90EBA845AF285AC /* Info.plist */,
				4CFC23F13EE513AF32C707BB /* WidgetHubWidget.swift */,
				EBB9C0A6EF388E6BC907DE0B /* Info.plist */,
				201A54C62A65D501A68C79B9 /* WidgetHubWidget.swift */,
				45237BC3F9B721C7FFE6AA16 /* Info.plist */,
				B5B03D56C51E30C642D7FD23 /* WidgetHubWidget.swift */,
				FA2B6C74D0A16D7579EF1EB1 /* Info.plist */,
				EA4B2EBCA28E231103AE58AE /* WidgetHubWidget.swift */,
				E1989F732826D40B31AE08DD /* Info.plist */,
				0DFC739EC2C01CEBC16F6C4A /* WidgetHubWidget.swift */,
				639E1A091A62E8D3DF6A6707 /* Info.plist */,
				BC7AB911351113A4A205EFA4 /* WidgetHubWidget.swift */,
				6E5D49D6C283DB66D85919D4 /* Info.plist */,
				15ADEC8DD6AD90727EDDA3E5 /* WidgetHubWidget.swift */,
				4E2EDB3696ECF6445DE9DDA9 /* Info.plist */,
				7F7498ACF01C739050FCF370 /* WidgetHubWidget.swift */,
				F6A170351F2992A90166E207 /* Info.plist */,
				1A4C1680CEC06F5B1D1D2483 /* WidgetHubWidget.swift */,
				94FA2334AB4F92126A0941D1 /* Info.plist */,
				A1F9D9668BDC64BDA99F13AE /* WidgetHubWidget.swift */,
				123F044C7AC15D35DC771B82 /* Info.plist */,
				A374225A74E78D58FFB026BD /* WidgetHubWidget.swift */,
				ECA260E0FF25FA2532E8305A /* Info.plist */,
				AFDC9041FB3D6196D87709F3 /* WidgetHubWidget.swift */,
				02912513050E3861B604238C /* Info.plist */,
				A4C68EA3E518C72706CEBFD3 /* WidgetHubWidget.swift */,
				976D373C49B7BEDC0609C632 /* Info.plist */,
				142D5293E1F642AA6038103B /* WidgetHubWidget.swift */,
				81DC1CCD99A57188962876F6 /* Info.plist */,
			);
			name = WidgetHubWidget;
			sourceTree = "<group>";
		};
/* End PBXGroup section */

/* Begin PBXNativeTarget section */
		504EC3031FED79650016851F /* App */ = {
			isa = PBXNativeTarget;
			buildConfigurationList = 504EC3161FED79650016851F /* Build configuration list for PBXNativeTarget "App" */;
			buildPhases = (
				504EC3001FED79650016851F /* Sources */,
				504EC3011FED79650016851F /* Frameworks */,
				504EC3021FED79650016851F /* Resources */,
				ACF60B1FDF35B2E90FF32975 /* Embed App Extensions */,
			);
			buildRules = (
			);
			dependencies = (
				80F98CC4F1AD1BEFA6892569 /* PBXTargetDependency */,
			);
			name = App;
			packageProductDependencies = (
				4D22ABE82AF431CB00220026 /* CapApp-SPM */,
			);
			productName = App;
			productReference = 504EC3041FED79650016851F /* App.app */;
			productType = "com.apple.product-type.application";
		};
		C3B6E2A82801B99087BE5FC1 /* WidgetHubWidget */ = {
			isa = PBXNativeTarget;
			buildConfigurationList = 91324FD0E33BC95443E5C518 /* Build configuration list for PBXNativeTarget "WidgetHubWidget" */;
			buildPhases = (
				1224F9662232A1D8D61CBDB7 /* Sources */,
				969D89EAD8C7ED4134AAAD4D /* Frameworks */,
				58126B05502EE7C2D64C4647 /* Resources */,
			);
			buildRules = (
			);
			dependencies = (
			);
			name = WidgetHubWidget;
			productName = WidgetHubWidget;
			productReference = DF915B9E2C683CB35B6B91D6 /* WidgetHubWidget.appex */;
			productType = "com.apple.product-type.app-extension";
		};
/* End PBXNativeTarget section */

/* Begin PBXProject section */
		504EC2FC1FED79650016851F /* Project object */ = {
			isa = PBXProject;
			attributes = {
				LastSwiftUpdateCheck = 0920;
				LastUpgradeCheck = 0920;
				TargetAttributes = {
					504EC3031FED79650016851F = {
						CreatedOnToolsVersion = 9.2;
						LastSwiftMigration = 1100;
						ProvisioningStyle = Automatic;
					};
					C3B6E2A82801B99087BE5FC1 = {
						DevelopmentTeam = YOUR_TEAM_ID;
						ProvisioningStyle = Automatic;
					};
				};
			};
			buildConfigurationList = 504EC2FF1FED79650016851F /* Build configuration list for PBXProject "App" */;
			compatibilityVersion = "Xcode 8.0";
			developmentRegion = en;
			hasScannedForEncodings = 0;
			knownRegions = (
				en,
				Base,
			);
			mainGroup = 504EC2FB1FED79650016851F;
			packageReferences = (
				D4C12C0A2AAA248700AAC8A2 /* XCLocalSwiftPackageReference "CapApp-SPM" */,
			);
			productRefGroup = 504EC3051FED79650016851F /* Products */;
			projectDirPath = "";
			projectRoot = "";
			targets = (
				504EC3031FED79650016851F /* App */,
				C3B6E2A82801B99087BE5FC1 /* WidgetHubWidget */,
			);
		};
/* End PBXProject section */

/* Begin PBXResourcesBuildPhase section */
		504EC3021FED79650016851F /* Resources */ = {
			isa = PBXResourcesBuildPhase;
			buildActionMask = 2147483647;
			files = (
				504EC3121FED79650016851F /* LaunchScreen.storyboard in Resources */,
				50B271D11FEDC1A000F3C39B /* public in Resources */,
				504EC30F1FED79650016851F /* Assets.xcassets in Resources */,
				50379B232058CBB4000EE86E /* capacitor.config.json in Resources */,
				504EC30D1FED79650016851F /* Main.storyboard in Resources */,
				2FAD9763203C412B000D30F8 /* config.xml in Resources */,
			);
			runOnlyForDeploymentPostprocessing = 0;
		};
		58126B05502EE7C2D64C4647 /* Resources */ = {
			isa = PBXResourcesBuildPhase;
			buildActionMask = 2147483647;
			files = (
			);
			runOnlyForDeploymentPostprocessing = 0;
		};
/* End PBXResourcesBuildPhase section */

/* Begin PBXSourcesBuildPhase section */
		1224F9662232A1D8D61CBDB7 /* Sources */ = {
			isa = PBXSourcesBuildPhase;
			buildActionMask = 2147483647;
			files = (
				C1CA290534A7DB3E036A4740 /* WidgetHubWidget.swift in Sources */,
			);
			runOnlyForDeploymentPostprocessing = 0;
		};
		504EC3001FED79650016851F /* Sources */ = {
			isa = PBXSourcesBuildPhase;
			buildActionMask = 2147483647;
			files = (
				504EC3081FED79650016851F /* AppDelegate.swift in Sources */,
				A9E81CD1D8ECE82241E43EE5 /* MyWidgetPlugin.swift in Sources */,
				EA31B5C2CA8580441BF1FFBB /* MyWidgetPlugin.m in Sources */,
			);
			runOnlyForDeploymentPostprocessing = 0;
		};
/* End PBXSourcesBuildPhase section */

/* Begin PBXTargetDependency section */
		80F98CC4F1AD1BEFA6892569 /* PBXTargetDependency */ = {
			isa = PBXTargetDependency;
			name = WidgetHubWidget;
			target = C3B6E2A82801B99087BE5FC1 /* WidgetHubWidget */;
			targetProxy = 89DFF2CE37D5892E147567BB /* PBXContainerItemProxy */;
		};
/* End PBXTargetDependency section */

/* Begin PBXVariantGroup section */
		504EC30B1FED79650016851F /* Main.storyboard */ = {
			isa = PBXVariantGroup;
			children = (
				504EC30C1FED79650016851F /* Base */,
			);
			name = Main.storyboard;
			sourceTree = "<group>";
		};
		504EC3101FED79650016851F /* LaunchScreen.storyboard */ = {
			isa = PBXVariantGroup;
			children = (
				504EC3111FED79650016851F /* Base */,
			);
			name = LaunchScreen.storyboard;
			sourceTree = "<group>";
		};
/* End PBXVariantGroup section */

/* Begin XCBuildConfiguration section */
		504EC3141FED79650016851F /* Debug */ = {
			isa = XCBuildConfiguration;
			baseConfigurationReference = 958DCC722DB07C7200EA8C5F /* debug.xcconfig */;
			buildSettings = {
				ALWAYS_SEARCH_USER_PATHS = NO;
				CLANG_ANALYZER_NONNULL = YES;
				CLANG_ANALYZER_NUMBER_OBJECT_CONVERSION = YES_AGGRESSIVE;
				CLANG_CXX_LANGUAGE_STANDARD = "gnu++14";
				CLANG_CXX_LIBRARY = "libc++";
				CLANG_ENABLE_MODULES = YES;
				CLANG_ENABLE_OBJC_ARC = YES;
				CLANG_WARN_BLOCK_CAPTURE_AUTORELEASING = YES;
				CLANG_WARN_BOOL_CONVERSION = YES;
				CLANG_WARN_COMMA = YES;
				CLANG_WARN_CONSTANT_CONVERSION = YES;
				CLANG_WARN_DIRECT_OBJC_ISA_USAGE = YES_ERROR;
				CLANG_WARN_DOCUMENTATION_COMMENTS = YES;
				CLANG_WARN_EMPTY_BODY = YES;
				CLANG_WARN_ENUM_CONVERSION = YES;
				CLANG_WARN_INFINITE_RECURSION = YES;
				CLANG_WARN_INT_CONVERSION = YES;
				CLANG_WARN_NON_LITERAL_NULL_CONVERSION = YES;
				CLANG_WARN_OBJC_LITERAL_CONVERSION = YES;
				CLANG_WARN_OBJC_ROOT_CLASS = YES_ERROR;
				CLANG_WARN_RANGE_LOOP_ANALYSIS = YES;
				CLANG_WARN_STRICT_PROTOTYPES = YES;
				CLANG_WARN_SUSPICIOUS_MOVE = YES;
				CLANG_WARN_UNGUARDED_AVAILABILITY = YES_AGGRESSIVE;
				CLANG_WARN_UNREACHABLE_CODE = YES;
				CLANG_WARN__DUPLICATE_METHOD_MATCH = YES;
				CODE_SIGN_IDENTITY = "iPhone Developer";
				COPY_PHASE_STRIP = NO;
				DEBUG_INFORMATION_FORMAT = dwarf;
				ENABLE_STRICT_OBJC_MSGSEND = YES;
				ENABLE_TESTABILITY = YES;
				GCC_C_LANGUAGE_STANDARD = gnu11;
				GCC_DYNAMIC_NO_PIC = NO;
				GCC_NO_COMMON_BLOCKS = YES;
				GCC_OPTIMIZATION_LEVEL = 0;
				GCC_PREPROCESSOR_DEFINITIONS = (
					"DEBUG=1",
					"$(inherited)",
				);
				GCC_WARN_64_TO_32_BIT_CONVERSION = YES;
				GCC_WARN_ABOUT_RETURN_TYPE = YES_ERROR;
				GCC_WARN_UNDECLARED_SELECTOR = YES;
				GCC_WARN_UNINITIALIZED_AUTOS = YES_AGGRESSIVE;
				GCC_WARN_UNUSED_FUNCTION = YES;
				GCC_WARN_UNUSED_VARIABLE = YES;
				IPHONEOS_DEPLOYMENT_TARGET = 15.0;
				MTL_ENABLE_DEBUG_INFO = YES;
				ONLY_ACTIVE_ARCH = YES;
				SDKROOT = iphoneos;
				SWIFT_ACTIVE_COMPILATION_CONDITIONS = DEBUG;
				SWIFT_OPTIMIZATION_LEVEL = "-Onone";
			};
			name = Debug;
		};
		504EC3151FED79650016851F /* Release */ = {
			isa = XCBuildConfiguration;
			buildSettings = {
				ALWAYS_SEARCH_USER_PATHS = NO;
				CLANG_ANALYZER_NONNULL = YES;
				CLANG_ANALYZER_NUMBER_OBJECT_CONVERSION = YES_AGGRESSIVE;
				CLANG_CXX_LANGUAGE_STANDARD = "gnu++14";
				CLANG_CXX_LIBRARY = "libc++";
				CLANG_ENABLE_MODULES = YES;
				CLANG_ENABLE_OBJC_ARC = YES;
				CLANG_WARN_BLOCK_CAPTURE_AUTORELEASING = YES;
				CLANG_WARN_BOOL_CONVERSION = YES;
				CLANG_WARN_COMMA = YES;
				CLANG_WARN_CONSTANT_CONVERSION = YES;
				CLANG_WARN_DIRECT_OBJC_ISA_USAGE = YES_ERROR;
				CLANG_WARN_DOCUMENTATION_COMMENTS = YES;
				CLANG_WARN_EMPTY_BODY = YES;
				CLANG_WARN_ENUM_CONVERSION = YES;
				CLANG_WARN_INFINITE_RECURSION = YES;
				CLANG_WARN_INT_CONVERSION = YES;
				CLANG_WARN_NON_LITERAL_NULL_CONVERSION = YES;
				CLANG_WARN_OBJC_LITERAL_CONVERSION = YES;
				CLANG_WARN_OBJC_ROOT_CLASS = YES_ERROR;
				CLANG_WARN_RANGE_LOOP_ANALYSIS = YES;
				CLANG_WARN_STRICT_PROTOTYPES = YES;
				CLANG_WARN_SUSPICIOUS_MOVE = YES;
				CLANG_WARN_UNGUARDED_AVAILABILITY = YES_AGGRESSIVE;
				CLANG_WARN_UNREACHABLE_CODE = YES;
				CLANG_WARN__DUPLICATE_METHOD_MATCH = YES;
				CODE_SIGN_IDENTITY = "iPhone Developer";
				COPY_PHASE_STRIP = NO;
				DEBUG_INFORMATION_FORMAT = "dwarf-with-dsym";
				ENABLE_NS_ASSERTIONS = NO;
				ENABLE_STRICT_OBJC_MSGSEND = YES;
				GCC_C_LANGUAGE_STANDARD = gnu11;
				GCC_NO_COMMON_BLOCKS = YES;
				GCC_WARN_64_TO_32_BIT_CONVERSION = YES;
				GCC_WARN_ABOUT_RETURN_TYPE = YES_ERROR;
				GCC_WARN_UNDECLARED_SELECTOR = YES;
				GCC_WARN_UNINITIALIZED_AUTOS = YES_AGGRESSIVE;
				GCC_WARN_UNUSED_FUNCTION = YES;
				GCC_WARN_UNUSED_VARIABLE = YES;
				IPHONEOS_DEPLOYMENT_TARGET = 15.0;
				MTL_ENABLE_DEBUG_INFO = NO;
				SDKROOT = iphoneos;
				SWIFT_COMPILATION_MODE = wholemodule;
				SWIFT_OPTIMIZATION_LEVEL = "-O";
				VALIDATE_PRODUCT = YES;
			};
			name = Release;
		};
		504EC3171FED79650016851F /* Debug */ = {
			isa = XCBuildConfiguration;
			baseConfigurationReference = 958DCC722DB07C7200EA8C5F /* debug.xcconfig */;
			buildSettings = {
				ASSETCATALOG_COMPILER_APPICON_NAME = AppIcon;
				CODE_SIGN_STYLE = Automatic;
				CURRENT_PROJECT_VERSION = 1;
				INFOPLIST_FILE = App/Info.plist;
				IPHONEOS_DEPLOYMENT_TARGET = 15.0;
				LD_RUNPATH_SEARCH_PATHS = (
					"$(inherited)",
					"@executable_path/Frameworks",
				);
				MARKETING_VERSION = 1.0;
				OTHER_SWIFT_FLAGS = "$(inherited) \"-D\" \"COCOAPODS\" \"-DDEBUG\"";
				PRODUCT_BUNDLE_IDENTIFIER = com.shah.widgethub;
				PRODUCT_NAME = "$(TARGET_NAME)";
				SWIFT_ACTIVE_COMPILATION_CONDITIONS = DEBUG;
				SWIFT_VERSION = 5.0;
				TARGETED_DEVICE_FAMILY = "1,2";
			};
			name = Debug;
		};
		504EC3181FED79650016851F /* Release */ = {
			isa = XCBuildConfiguration;
			buildSettings = {
				ASSETCATALOG_COMPILER_APPICON_NAME = AppIcon;
				CODE_SIGN_STYLE = Automatic;
				CURRENT_PROJECT_VERSION = 1;
				INFOPLIST_FILE = App/Info.plist;
				IPHONEOS_DEPLOYMENT_TARGET = 15.0;
				LD_RUNPATH_SEARCH_PATHS = (
					"$(inherited)",
					"@executable_path/Frameworks",
				);
				MARKETING_VERSION = 1.0;
				PRODUCT_BUNDLE_IDENTIFIER = com.shah.widgethub;
				PRODUCT_NAME = "$(TARGET_NAME)";
				SWIFT_ACTIVE_COMPILATION_CONDITIONS = "";
				SWIFT_VERSION = 5.0;
				TARGETED_DEVICE_FAMILY = "1,2";
			};
			name = Release;
		};
		CD103A5CE486F41199C4834B /* Debug */ = {
			isa = XCBuildConfiguration;
			buildSettings = {
				CLANG_ENABLE_OBJC_WEAK = NO;
				CODE_SIGN_STYLE = Automatic;
				CURRENT_PROJECT_VERSION = 1;
				DEVELOPMENT_TEAM = YOUR_TEAM_ID;
				INFOPLIST_FILE = WidgetHubWidget/Info.plist;
				IPHONEOS_DEPLOYMENT_TARGET = 15.0;
				LD_RUNPATH_SEARCH_PATHS = (
					"$(inherited)",
					"@executable_path/Frameworks",
					"@executable_path/../../Frameworks",
				);
				MARKETING_VERSION = 1.0;
				PRODUCT_BUNDLE_IDENTIFIER = com.shah.widgethub.widget;
				PRODUCT_NAME = WidgetHubWidget;
				SDKROOT = iphoneos;
				SWIFT_VERSION = 5.0;
				WRAPPER_EXTENSION = appex;
			};
			name = Debug;
		};
		F5A766BEE0E4C9082DB008CB /* Release */ = {
			isa = XCBuildConfiguration;
			buildSettings = {
				CLANG_ENABLE_OBJC_WEAK = NO;
				CODE_SIGN_STYLE = Automatic;
				CURRENT_PROJECT_VERSION = 1;
				DEVELOPMENT_TEAM = YOUR_TEAM_ID;
				INFOPLIST_FILE = WidgetHubWidget/Info.plist;
				IPHONEOS_DEPLOYMENT_TARGET = 15.0;
				LD_RUNPATH_SEARCH_PATHS = (
					"$(inherited)",
					"@executable_path/Frameworks",
					"@executable_path/../../Frameworks",
				);
				MARKETING_VERSION = 1.0;
				PRODUCT_BUNDLE_IDENTIFIER = com.shah.widgethub.widget;
				PRODUCT_NAME = WidgetHubWidget;
				SDKROOT = iphoneos;
				SWIFT_VERSION = 5.0;
				VALIDATE_PRODUCT = YES;
				WRAPPER_EXTENSION = appex;
			};
			name = Release;
		};
/* End XCBuildConfiguration section */

/* Begin XCConfigurationList section */
		504EC2FF1FED79650016851F /* Build configuration list for PBXProject "App" */ = {
			isa = XCConfigurationList;
			buildConfigurations = (
				504EC3141FED79650016851F /* Debug */,
				504EC3151FED79650016851F /* Release */,
			);
			defaultConfigurationIsVisible = 0;
			defaultConfigurationName = Release;
		};
		504EC3161FED79650016851F /* Build configuration list for PBXNativeTarget "App" */ = {
			isa = XCConfigurationList;
			buildConfigurations = (
				504EC3171FED79650016851F /* Debug */,
				504EC3181FED79650016851F /* Release */,
			);
			defaultConfigurationIsVisible = 0;
			defaultConfigurationName = Release;
		};
		91324FD0E33BC95443E5C518 /* Build configuration list for PBXNativeTarget "WidgetHubWidget" */ = {
			isa = XCConfigurationList;
			buildConfigurations = (
				F5A766BEE0E4C9082DB008CB /* Release */,
				CD103A5CE486F41199C4834B /* Debug */,
			);
			defaultConfigurationIsVisible = 0;
			defaultConfigurationName = Release;
		};
/* End XCConfigurationList section */

/* Begin XCLocalSwiftPackageReference section */
		D4C12C0A2AAA248700AAC8A2 /* XCLocalSwiftPackageReference "CapApp-SPM" */ = {
			isa = XCLocalSwiftPackageReference;
			relativePath = "CapApp-SPM";
		};
/* End XCLocalSwiftPackageReference section */

/* Begin XCSwiftPackageProductDependency section */
		4D22ABE82AF431CB00220026 /* CapApp-SPM */ = {
			isa = XCSwiftPackageProductDependency;
			package = D4C12C0A2AAA248700AAC8A2 /* XCLocalSwiftPackageReference "CapApp-SPM" */;
			productName = "CapApp-SPM";
		};
/* End XCSwiftPackageProductDependency section */
	};
	rootObject = 504EC2FC1FED79650016851F /* Project object */;
}
